Microsoft Visual Studio Solution File, Format Version 12.00
# Visual Studio 15
VisualStudioVersion = 15.0.27130.2027
MinimumVisualStudioVersion = 10.0.40219.1
Project("{2150E333-8FDC-42A3-9474-1A3956D46DE8}") = "src", "src", "{D074337D-4B47-42E6-8FC9-BF13806E54BD}"
EndProject
Project("{9A19103F-16F7-4668-BE54-9A1E7A4F7556}") = "MyMoods", "src\MyMoods\MyMoods.csproj", "{ABCA0B34-0AF6-440E-9C00-198C3F51FF2C}"
EndProject
Project("{9A19103F-16F7-4668-BE54-9A1E7A4F7556}") = "MyMoods.Hangfire", "src\MyMoods.Hangfire\MyMoods.Hangfire.csproj", "{22280B62-AEA4-4764-B924-F8AD26869411}"
EndProject
Project("{9A19103F-16F7-4668-BE54-9A1E7A4F7556}") = "MyMoods.Services", "src\MyMoods.Services\MyMoods.Services.csproj", "{94111403-E519-4A2D-ABFB-55A3407A8282}"
EndProject
Project("{9A19103F-16F7-4668-BE54-9A1E7A4F7556}") = "MyMoods.Shared", "src\MyMoods.Shared\MyMoods.Shared.csproj", "{94F5520F-094C-43B5-9FB6-52E4FB519A59}"
EndProject
Global
	GlobalSection(SolutionConfigurationPlatforms) = preSolution
		Debug|Any CPU = Debug|Any CPU
		Release|Any CPU = Release|Any CPU
	EndGlobalSection
	GlobalSection(ProjectConfigurationPlatforms) = postSolution
		{ABCA0B34-0AF6-440E-9C00-198C3F51FF2C}.Debug|Any CPU.ActiveCfg = Debug|Any CPU
		{ABCA0B34-0AF6-440E-9C00-198C3F51FF2C}.Debug|Any CPU.Build.0 = Debug|Any CPU
		{ABCA0B34-0AF6-440E-9C00-198C3F51FF2C}.Release|Any CPU.ActiveCfg = Release|Any CPU
		{ABCA0B34-0AF6-440E-9C00-198C3F51FF2C}.Release|Any CPU.Build.0 = Release|Any CPU
		{22280B62-AEA4-4764-B924-F8AD26869411}.Debug|Any CPU.ActiveCfg = Debug|Any CPU
		{22280B62-AEA4-4764-B924-F8AD26869411}.Debug|Any CPU.Build.0 = Debug|Any CPU
		{22280B62-AEA4-4764-B924-F8AD26869411}.Release|Any CPU.ActiveCfg = Release|Any CPU
		{22280B62-AEA4-4764-B924-F8AD26869411}.Release|Any CPU.Build.0 = Release|Any CPU
		{94111403-E519-4A2D-ABFB-55A3407A8282}.Debug|Any CPU.ActiveCfg = Debug|Any CPU
		{94111403-E519-4A2D-ABFB-55A3407A8282}.Debug|Any CPU.Build.0 = Debug|Any CPU
		{94111403-E519-4A2D-ABFB-55A3407A8282}.Release|Any CPU.ActiveCfg = Release|Any CPU
		{94111403-E519-4A2D-ABFB-55A3407A8282}.Release|Any CPU.Build.0 = Release|Any CPU
		{94F5520F-094C-43B5-9FB6-52E4FB519A59}.Debug|Any CPU.ActiveCfg = Debug|Any CPU
		{94F5520F-094C-43B5-9FB6-52E4FB519A59}.Debug|Any CPU.Build.0 = Debug|Any CPU
		{94F5520F-094C-43B5-9FB6-52E4FB519A59}.Release|Any CPU.ActiveCfg = Release|Any CPU
		{94F5520F-094C-43B5-9FB6-52E4FB519A59}.Release|Any CPU.Build.0 = Release|Any CPU
	EndGlobalSection
	GlobalSection(SolutionProperties) = preSolution
		HideSolutionNode = FALSE
	EndGlobalSection
	GlobalSection(NestedProjects) = preSolution
		{ABCA0B34-0AF6-440E-9C00-198C3F51FF2C} = {D074337D-4B47-42E6-8FC9-BF13806E54BD}
		{22280B62-AEA4-4764-B924-F8AD26869411} = {D074337D-4B47-42E6-8FC9-BF13806E54BD}
		{94111403-E519-4A2D-ABFB-55A3407A8282} = {D074337D-4B47-42E6-8FC9-BF13806E54BD}
		{94F5520F-094C-43B5-9FB6-52E4FB519A59} = {D074337D-4B47-42E6-8FC9-BF13806E54BD}
	EndGlobalSection
	GlobalSection(ExtensibilityGlobals) = postSolution
		SolutionGuid = {5A0DB359-69DB-4903-9202-5E32B2690FD3}
	EndGlobalSection
EndGlobal
